
Microsoft Visual Studio Solution File, Format Version 12.00
# Visual Studio Version 17
VisualStudioVersion = 17.3.32901.215
MinimumVisualStudioVersion = 15.0.26124.0
Project("{9A19103F-16F7-4668-BE54-9A1E7A4F7556}") = "Domain", "src\Domain\Domain.csproj", "{4419F854-0E08-4751-911E-14EE6CDCC342}"
EndProject
Project("{9A19103F-16F7-4668-BE54-9A1E7A4F7556}") = "API", "src\API\API.csproj", "{797E43A2-074E-4C22-BFBF-4CA0CA071BB9}"
EndProject
Project("{9A19103F-16F7-4668-BE54-9A1E7A4F7556}") = "Application", "src\Application\Application.csproj", "{F3ABB1B1-E18B-4FA8-882E-24F671ADA5BA}"
EndProject
Project("{9A19103F-16F7-4668-BE54-9A1E7A4F7556}") = "Persistence", "src\Persistence\Persistence.csproj", "{CB97C082-E42C-4706-AD85-B316BD16EF18}"
EndProject
Project("{9A19103F-16F7-4668-BE54-9A1E7A4F7556}") = "Infrastructure", "src\Infrastructure\Infrastructure.csproj", "{347154C8-5F1E-44A8-B424-76B08430637A}"
EndProject
Project("{2150E333-8FDC-42A3-9474-1A3956D46DE8}") = "src", "src", "{6ED356A7-8B47-4613-AD01-C85CF28491BD}"
EndProject
Project("{2150E333-8FDC-42A3-9474-1A3956D46DE8}") = "tests", "tests", "{664D406C-2F83-48F0-BFC3-408D5CB53C65}"
EndProject
Project("{2150E333-8FDC-42A3-9474-1A3956D46DE8}") = "Solution Items", "Solution Items", "{3F6F4709-44C1-41A0-B433-DDE22F16028A}"
	ProjectSection(SolutionItems) = preProject
		.editorconfig = .editorconfig
		cli-notes.txt = cli-notes.txt
		Directory.Build.props = Directory.Build.props
		README.md = README.md
	EndProjectSection
EndProject
Project("{54A90642-561A-4BB1-A94E-469ADEE60C69}") = "reactUI", "src\client-app\reactUI.esproj", "{FC5A0F6B-8758-4B81-AD8B-2CCD40775C44}"
EndProject
Project("{2150E333-8FDC-42A3-9474-1A3956D46DE8}") = "Snippets", "Snippets", "{8A9287C8-9E16-4F07-B539-83AE6F47BDC4}"
	ProjectSection(SolutionItems) = preProject
		.vscode\ActivityDetailsSnippets.txt = .vscode\ActivityDetailsSnippets.txt
		.vscode\ActivityListItemPlaceholder.txt = .vscode\ActivityListItemPlaceholder.txt
		.vscode\ErrorSnippets.txt = .vscode\ErrorSnippets.txt
		.vscode\handlerSnippets.code-snippets = .vscode\handlerSnippets.code-snippets
		.vscode\Heroku connection string.txt = .vscode\Heroku connection string.txt
		.vscode\Home page styles.txt = .vscode\Home page styles.txt
		.vscode\launch.json = .vscode\launch.json
		.vscode\SeedData with attendees.txt = .vscode\SeedData with attendees.txt
		.vscode\SeedData.txt = .vscode\SeedData.txt
		.vscode\tasks.json = .vscode\tasks.json
		.vscode\utcDates.txt = .vscode\utcDates.txt
	EndProjectSection
EndProject
Project("{2150E333-8FDC-42A3-9474-1A3956D46DE8}") = "Core", "Core", "{69CC26BC-7ACC-4347-8AF3-E4FE12AF54A8}"
EndProject
Global
	GlobalSection(SolutionConfigurationPlatforms) = preSolution
		Debug|Any CPU = Debug|Any CPU
		Debug|x64 = Debug|x64
		Debug|x86 = Debug|x86
		Release|Any CPU = Release|Any CPU
		Release|x64 = Release|x64
		Release|x86 = Release|x86
	EndGlobalSection
	GlobalSection(ProjectConfigurationPlatforms) = postSolution
		{4419F854-0E08-4751-911E-14EE6CDCC342}.Debug|Any CPU.ActiveCfg = Debug|Any CPU
		{4419F854-0E08-4751-911E-14EE6CDCC342}.Debug|Any CPU.Build.0 = Debug|Any CPU
		{4419F854-0E08-4751-911E-14EE6CDCC342}.Debug|x64.ActiveCfg = Debug|Any CPU
		{4419F854-0E08-4751-911E-14EE6CDCC342}.Debug|x64.Build.0 = Debug|Any CPU
		{4419F854-0E08-4751-911E-14EE6CDCC342}.Debug|x86.ActiveCfg = Debug|Any CPU
		{4419F854-0E08-4751-911E-14EE6CDCC342}.Debug|x86.Build.0 = Debug|Any CPU
		{4419F854-0E08-4751-911E-14EE6CDCC342}.Release|Any CPU.ActiveCfg = Release|Any CPU
		{4419F854-0E08-4751-911E-14EE6CDCC342}.Release|Any CPU.Build.0 = Release|Any CPU
		{4419F854-0E08-4751-911E-14EE6CDCC342}.Release|x64.ActiveCfg = Release|Any CPU
		{4419F854-0E08-4751-911E-14EE6CDCC342}.Release|x64.Build.0 = Release|Any CPU
		{4419F854-0E08-4751-911E-14EE6CDCC342}.Release|x86.ActiveCfg = Release|Any CPU
		{4419F854-0E08-4751-911E-14EE6CDCC342}.Release|x86.Build.0 = Release|Any CPU
		{797E43A2-074E-4C22-BFBF-4CA0CA071BB9}.Debug|Any CPU.ActiveCfg = Debug|Any CPU
		{797E43A2-074E-4C22-BFBF-4CA0CA071BB9}.Debug|Any CPU.Build.0 = Debug|Any CPU
		{797E43A2-074E-4C22-BFBF-4CA0CA071BB9}.Debug|x64.ActiveCfg = Debug|Any CPU
		{797E43A2-074E-4C22-BFBF-4CA0CA071BB9}.Debug|x64.Build.0 = Debug|Any CPU
		{797E43A2-074E-4C22-BFBF-4CA0CA071BB9}.Debug|x86.ActiveCfg = Debug|Any CPU
		{797E43A2-074E-4C22-BFBF-4CA0CA071BB9}.Debug|x86.Build.0 = Debug|Any CPU
		{797E43A2-074E-4C22-BFBF-4CA0CA071BB9}.Release|Any CPU.ActiveCfg = Release|Any CPU
		{797E43A2-074E-4C22-BFBF-4CA0CA071BB9}.Release|Any CPU.Build.0 = Release|Any CPU
		{797E43A2-074E-4C22-BFBF-4CA0CA071BB9}.Release|x64.ActiveCfg = Release|Any CPU
		{797E43A2-074E-4C22-BFBF-4CA0CA071BB9}.Release|x64.Build.0 = Release|Any CPU
		{797E43A2-074E-4C22-BFBF-4CA0CA071BB9}.Release|x86.ActiveCfg = Release|Any CPU
		{797E43A2-074E-4C22-BFBF-4CA0CA071BB9}.Release|x86.Build.0 = Release|Any CPU
		{F3ABB1B1-E18B-4FA8-882E-24F671ADA5BA}.Debug|Any CPU.ActiveCfg = Debug|Any CPU
		{F3ABB1B1-E18B-4FA8-882E-24F671ADA5BA}.Debug|Any CPU.Build.0 = Debug|Any CPU
		{F3ABB1B1-E18B-4FA8-882E-24F671ADA5BA}.Debug|x64.ActiveCfg = Debug|Any CPU
		{F3ABB1B1-E18B-4FA8-882E-24F671ADA5BA}.Debug|x64.Build.0 = Debug|Any CPU
		{F3ABB1B1-E18B-4FA8-882E-24F671ADA5BA}.Debug|x86.ActiveCfg = Debug|Any CPU
		{F3ABB1B1-E18B-4FA8-882E-24F671ADA5BA}.Debug|x86.Build.0 = Debug|Any CPU
		{F3ABB1B1-E18B-4FA8-882E-24F671ADA5BA}.Release|Any CPU.ActiveCfg = Release|Any CPU
		{F3ABB1B1-E18B-4FA8-882E-24F671ADA5BA}.Release|Any CPU.Build.0 = Release|Any CPU
		{F3ABB1B1-E18B-4FA8-882E-24F671ADA5BA}.Release|x64.ActiveCfg = Release|Any CPU
		{F3ABB1B1-E18B-4FA8-882E-24F671ADA5BA}.Release|x64.Build.0 = Release|Any CPU
		{F3ABB1B1-E18B-4FA8-882E-24F671ADA5BA}.Release|x86.ActiveCfg = Release|Any CPU
		{F3ABB1B1-E18B-4FA8-882E-24F671ADA5BA}.Release|x86.Build.0 = Release|Any CPU
		{CB97C082-E42C-4706-AD85-B316BD16EF18}.Debug|Any CPU.ActiveCfg = Debug|Any CPU
		{CB97C082-E42C-4706-AD85-B316BD16EF18}.Debug|Any CPU.Build.0 = Debug|Any CPU
		{CB97C082-E42C-4706-AD85-B316BD16EF18}.Debug|x64.ActiveCfg = Debug|Any CPU
		{CB97C082-E42C-4706-AD85-B316BD16EF18}.Debug|x64.Build.0 = Debug|Any CPU
		{CB97C082-E42C-4706-AD85-B316BD16EF18}.Debug|x86.ActiveCfg = Debug|Any CPU
		{CB97C082-E42C-4706-AD85-B316BD16EF18}.Debug|x86.Build.0 = Debug|Any CPU
		{CB97C082-E42C-4706-AD85-B316BD16EF18}.Release|Any CPU.ActiveCfg = Release|Any CPU
		{CB97C082-E42C-4706-AD85-B316BD16EF18}.Release|Any CPU.Build.0 = Release|Any CPU
		{CB97C082-E42C-4706-AD85-B316BD16EF18}.Release|x64.ActiveCfg = Release|Any CPU
		{CB97C082-E42C-4706-AD85-B316BD16EF18}.Release|x64.Build.0 = Release|Any CPU
		{CB97C082-E42C-4706-AD85-B316BD16EF18}.Release|x86.ActiveCfg = Release|Any CPU
		{CB97C082-E42C-4706-AD85-B316BD16EF18}.Release|x86.Build.0 = Release|Any CPU
		{347154C8-5F1E-44A8-B424-76B08430637A}.Debug|Any CPU.ActiveCfg = Debug|Any CPU
		{347154C8-5F1E-44A8-B424-76B08430637A}.Debug|Any CPU.Build.0 = Debug|Any CPU
		{347154C8-5F1E-44A8-B424-76B08430637A}.Debug|x64.ActiveCfg = Debug|Any CPU
		{347154C8-5F1E-44A8-B424-76B08430637A}.Debug|x64.Build.0 = Debug|Any CPU
		{347154C8-5F1E-44A8-B424-76B08430637A}.Debug|x86.ActiveCfg = Debug|Any CPU
		{347154C8-5F1E-44A8-B424-76B08430637A}.Debug|x86.Build.0 = Debug|Any CPU
		{347154C8-5F1E-44A8-B424-76B08430637A}.Release|Any CPU.ActiveCfg = Release|Any CPU
		{347154C8-5F1E-44A8-B424-76B08430637A}.Release|Any CPU.Build.0 = Release|Any CPU
		{347154C8-5F1E-44A8-B424-76B08430637A}.Release|x64.ActiveCfg = Release|Any CPU
		{347154C8-5F1E-44A8-B424-76B08430637A}.Release|x64.Build.0 = Release|Any CPU
		{347154C8-5F1E-44A8-B424-76B08430637A}.Release|x86.ActiveCfg = Release|Any CPU
		{347154C8-5F1E-44A8-B424-76B08430637A}.Release|x86.Build.0 = Release|Any CPU
		{FC5A0F6B-8758-4B81-AD8B-2CCD40775C44}.Debug|Any CPU.ActiveCfg = Debug|Any CPU
		{FC5A0F6B-8758-4B81-AD8B-2CCD40775C44}.Debug|x64.ActiveCfg = Debug|Any CPU
		{FC5A0F6B-8758-4B81-AD8B-2CCD40775C44}.Debug|x86.ActiveCfg = Debug|Any CPU
		{FC5A0F6B-8758-4B81-AD8B-2CCD40775C44}.Release|Any CPU.ActiveCfg = Release|Any CPU
		{FC5A0F6B-8758-4B81-AD8B-2CCD40775C44}.Release|x64.ActiveCfg = Release|Any CPU
		{FC5A0F6B-8758-4B81-AD8B-2CCD40775C44}.Release|x86.ActiveCfg = Release|Any CPU
	EndGlobalSection
	GlobalSection(SolutionProperties) = preSolution
		HideSolutionNode = FALSE
	EndGlobalSection
	GlobalSection(NestedProjects) = preSolution
		{4419F854-0E08-4751-911E-14EE6CDCC342} = {69CC26BC-7ACC-4347-8AF3-E4FE12AF54A8}
		{797E43A2-074E-4C22-BFBF-4CA0CA071BB9} = {6ED356A7-8B47-4613-AD01-C85CF28491BD}
		{F3ABB1B1-E18B-4FA8-882E-24F671ADA5BA} = {69CC26BC-7ACC-4347-8AF3-E4FE12AF54A8}
		{CB97C082-E42C-4706-AD85-B316BD16EF18} = {6ED356A7-8B47-4613-AD01-C85CF28491BD}
		{347154C8-5F1E-44A8-B424-76B08430637A} = {6ED356A7-8B47-4613-AD01-C85CF28491BD}
		{FC5A0F6B-8758-4B81-AD8B-2CCD40775C44} = {6ED356A7-8B47-4613-AD01-C85CF28491BD}
		{8A9287C8-9E16-4F07-B539-83AE6F47BDC4} = {3F6F4709-44C1-41A0-B433-DDE22F16028A}
		{69CC26BC-7ACC-4347-8AF3-E4FE12AF54A8} = {6ED356A7-8B47-4613-AD01-C85CF28491BD}
	EndGlobalSection
	GlobalSection(ExtensibilityGlobals) = postSolution
		SolutionGuid = {8B6CDE91-9AD7-401F-8CF2-DF2FC095D8EF}
	EndGlobalSection
EndGlobal
