
Microsoft Visual Studio Solution File, Format Version 12.00
# Visual Studio Version 16
VisualStudioVersion = 16.0.30611.23
MinimumVisualStudioVersion = 15.0.26124.0
Project("{9A19103F-16F7-4668-BE54-9A1E7A4F7556}") = "Domain", "Domain\Domain.csproj", "{4419F854-0E08-4751-911E-14EE6CDCC342}"
EndProject
Project("{9A19103F-16F7-4668-BE54-9A1E7A4F7556}") = "API", "API\API.csproj", "{797E43A2-074E-4C22-BFBF-4CA0CA071BB9}"
EndProject
Project("{9A19103F-16F7-4668-BE54-9A1E7A4F7556}") = "Application", "Application\Application.csproj", "{F3ABB1B1-E18B-4FA8-882E-24F671ADA5BA}"
EndProject
Project("{9A19103F-16F7-4668-BE54-9A1E7A4F7556}") = "Persistence", "Persistence\Persistence.csproj", "{CB97C082-E42C-4706-AD85-B316BD16EF18}"
EndProject
Project("{2150E333-8FDC-42A3-9474-1A3956D46DE8}") = "Solution Files", "Solution Files", "{CE191B1A-7B7F-401B-A00A-2D27A75897AD}"
	ProjectSection(SolutionItems) = preProject
		cli-notes.txt = cli-notes.txt
	EndProjectSection
EndProject
Project("{9A19103F-16F7-4668-BE54-9A1E7A4F7556}") = "ReactUI", "client-app\ReactUI.csproj", "{F37DCE17-1666-45D3-B8B3-267111586965}"
EndProject
Project("{9A19103F-16F7-4668-BE54-9A1E7A4F7556}") = "Persistence.SqliteDbMigrations", "Persistence.SqliteDbMigrations\Persistence.SqliteDbMigrations.csproj", "{C5FB2311-1CBF-4D51-9C7D-6D3FA8EB52B0}"
EndProject
Project("{9A19103F-16F7-4668-BE54-9A1E7A4F7556}") = "Persistence.SqlServerDbMigrations", "Persistence.SqlServerDbMigrations\Persistence.SqlServerDbMigrations.csproj", "{C660408E-D91C-4429-9B5C-00A6BA48C63D}"
EndProject
Global
	GlobalSection(SolutionConfigurationPlatforms) = preSolution
		Debug|Any CPU = Debug|Any CPU
		Debug|x64 = Debug|x64
		Debug|x86 = Debug|x86
		Release|Any CPU = Release|Any CPU
		Release|x64 = Release|x64
		Release|x86 = Release|x86
	EndGlobalSection
	GlobalSection(ProjectConfigurationPlatforms) = postSolution
		{4419F854-0E08-4751-911E-14EE6CDCC342}.Debug|Any CPU.ActiveCfg = Debug|Any CPU
		{4419F854-0E08-4751-911E-14EE6CDCC342}.Debug|Any CPU.Build.0 = Debug|Any CPU
		{4419F854-0E08-4751-911E-14EE6CDCC342}.Debug|x64.ActiveCfg = Debug|Any CPU
		{4419F854-0E08-4751-911E-14EE6CDCC342}.Debug|x64.Build.0 = Debug|Any CPU
		{4419F854-0E08-4751-911E-14EE6CDCC342}.Debug|x86.ActiveCfg = Debug|Any CPU
		{4419F854-0E08-4751-911E-14EE6CDCC342}.Debug|x86.Build.0 = Debug|Any CPU
		{4419F854-0E08-4751-911E-14EE6CDCC342}.Release|Any CPU.ActiveCfg = Release|Any CPU
		{4419F854-0E08-4751-911E-14EE6CDCC342}.Release|Any CPU.Build.0 = Release|Any CPU
		{4419F854-0E08-4751-911E-14EE6CDCC342}.Release|x64.ActiveCfg = Release|Any CPU
		{4419F854-0E08-4751-911E-14EE6CDCC342}.Release|x64.Build.0 = Release|Any CPU
		{4419F854-0E08-4751-911E-14EE6CDCC342}.Release|x86.ActiveCfg = Release|Any CPU
		{4419F854-0E08-4751-911E-14EE6CDCC342}.Release|x86.Build.0 = Release|Any CPU
		{797E43A2-074E-4C22-BFBF-4CA0CA071BB9}.Debug|Any CPU.ActiveCfg = Debug|Any CPU
		{797E43A2-074E-4C22-BFBF-4CA0CA071BB9}.Debug|Any CPU.Build.0 = Debug|Any CPU
		{797E43A2-074E-4C22-BFBF-4CA0CA071BB9}.Debug|x64.ActiveCfg = Debug|Any CPU
		{797E43A2-074E-4C22-BFBF-4CA0CA071BB9}.Debug|x64.Build.0 = Debug|Any CPU
		{797E43A2-074E-4C22-BFBF-4CA0CA071BB9}.Debug|x86.ActiveCfg = Debug|Any CPU
		{797E43A2-074E-4C22-BFBF-4CA0CA071BB9}.Debug|x86.Build.0 = Debug|Any CPU
		{797E43A2-074E-4C22-BFBF-4CA0CA071BB9}.Release|Any CPU.ActiveCfg = Release|Any CPU
		{797E43A2-074E-4C22-BFBF-4CA0CA071BB9}.Release|Any CPU.Build.0 = Release|Any CPU
		{797E43A2-074E-4C22-BFBF-4CA0CA071BB9}.Release|x64.ActiveCfg = Release|Any CPU
		{797E43A2-074E-4C22-BFBF-4CA0CA071BB9}.Release|x64.Build.0 = Release|Any CPU
		{797E43A2-074E-4C22-BFBF-4CA0CA071BB9}.Release|x86.ActiveCfg = Release|Any CPU
		{797E43A2-074E-4C22-BFBF-4CA0CA071BB9}.Release|x86.Build.0 = Release|Any CPU
		{F3ABB1B1-E18B-4FA8-882E-24F671ADA5BA}.Debug|Any CPU.ActiveCfg = Debug|Any CPU
		{F3ABB1B1-E18B-4FA8-882E-24F671ADA5BA}.Debug|Any CPU.Build.0 = Debug|Any CPU
		{F3ABB1B1-E18B-4FA8-882E-24F671ADA5BA}.Debug|x64.ActiveCfg = Debug|Any CPU
		{F3ABB1B1-E18B-4FA8-882E-24F671ADA5BA}.Debug|x64.Build.0 = Debug|Any CPU
		{F3ABB1B1-E18B-4FA8-882E-24F671ADA5BA}.Debug|x86.ActiveCfg = Debug|Any CPU
		{F3ABB1B1-E18B-4FA8-882E-24F671ADA5BA}.Debug|x86.Build.0 = Debug|Any CPU
		{F3ABB1B1-E18B-4FA8-882E-24F671ADA5BA}.Release|Any CPU.ActiveCfg = Release|Any CPU
		{F3ABB1B1-E18B-4FA8-882E-24F671ADA5BA}.Release|Any CPU.Build.0 = Release|Any CPU
		{F3ABB1B1-E18B-4FA8-882E-24F671ADA5BA}.Release|x64.ActiveCfg = Release|Any CPU
		{F3ABB1B1-E18B-4FA8-882E-24F671ADA5BA}.Release|x64.Build.0 = Release|Any CPU
		{F3ABB1B1-E18B-4FA8-882E-24F671ADA5BA}.Release|x86.ActiveCfg = Release|Any CPU
		{F3ABB1B1-E18B-4FA8-882E-24F671ADA5BA}.Release|x86.Build.0 = Release|Any CPU
		{CB97C082-E42C-4706-AD85-B316BD16EF18}.Debug|Any CPU.ActiveCfg = Debug|Any CPU
		{CB97C082-E42C-4706-AD85-B316BD16EF18}.Debug|Any CPU.Build.0 = Debug|Any CPU
		{CB97C082-E42C-4706-AD85-B316BD16EF18}.Debug|x64.ActiveCfg = Debug|Any CPU
		{CB97C082-E42C-4706-AD85-B316BD16EF18}.Debug|x64.Build.0 = Debug|Any CPU
		{CB97C082-E42C-4706-AD85-B316BD16EF18}.Debug|x86.ActiveCfg = Debug|Any CPU
		{CB97C082-E42C-4706-AD85-B316BD16EF18}.Debug|x86.Build.0 = Debug|Any CPU
		{CB97C082-E42C-4706-AD85-B316BD16EF18}.Release|Any CPU.ActiveCfg = Release|Any CPU
		{CB97C082-E42C-4706-AD85-B316BD16EF18}.Release|Any CPU.Build.0 = Release|Any CPU
		{CB97C082-E42C-4706-AD85-B316BD16EF18}.Release|x64.ActiveCfg = Release|Any CPU
		{CB97C082-E42C-4706-AD85-B316BD16EF18}.Release|x64.Build.0 = Release|Any CPU
		{CB97C082-E42C-4706-AD85-B316BD16EF18}.Release|x86.ActiveCfg = Release|Any CPU
		{CB97C082-E42C-4706-AD85-B316BD16EF18}.Release|x86.Build.0 = Release|Any CPU
		{F37DCE17-1666-45D3-B8B3-267111586965}.Debug|Any CPU.ActiveCfg = Debug|Any CPU
		{F37DCE17-1666-45D3-B8B3-267111586965}.Debug|Any CPU.Build.0 = Debug|Any CPU
		{F37DCE17-1666-45D3-B8B3-267111586965}.Debug|x64.ActiveCfg = Debug|Any CPU
		{F37DCE17-1666-45D3-B8B3-267111586965}.Debug|x64.Build.0 = Debug|Any CPU
		{F37DCE17-1666-45D3-B8B3-267111586965}.Debug|x86.ActiveCfg = Debug|Any CPU
		{F37DCE17-1666-45D3-B8B3-267111586965}.Debug|x86.Build.0 = Debug|Any CPU
		{F37DCE17-1666-45D3-B8B3-267111586965}.Release|Any CPU.ActiveCfg = Release|Any CPU
		{F37DCE17-1666-45D3-B8B3-267111586965}.Release|Any CPU.Build.0 = Release|Any CPU
		{F37DCE17-1666-45D3-B8B3-267111586965}.Release|x64.ActiveCfg = Release|Any CPU
		{F37DCE17-1666-45D3-B8B3-267111586965}.Release|x64.Build.0 = Release|Any CPU
		{F37DCE17-1666-45D3-B8B3-267111586965}.Release|x86.ActiveCfg = Release|Any CPU
		{F37DCE17-1666-45D3-B8B3-267111586965}.Release|x86.Build.0 = Release|Any CPU
		{C5FB2311-1CBF-4D51-9C7D-6D3FA8EB52B0}.Debug|Any CPU.ActiveCfg = Debug|Any CPU
		{C5FB2311-1CBF-4D51-9C7D-6D3FA8EB52B0}.Debug|Any CPU.Build.0 = Debug|Any CPU
		{C5FB2311-1CBF-4D51-9C7D-6D3FA8EB52B0}.Debug|x64.ActiveCfg = Debug|Any CPU
		{C5FB2311-1CBF-4D51-9C7D-6D3FA8EB52B0}.Debug|x64.Build.0 = Debug|Any CPU
		{C5FB2311-1CBF-4D51-9C7D-6D3FA8EB52B0}.Debug|x86.ActiveCfg = Debug|Any CPU
		{C5FB2311-1CBF-4D51-9C7D-6D3FA8EB52B0}.Debug|x86.Build.0 = Debug|Any CPU
		{C5FB2311-1CBF-4D51-9C7D-6D3FA8EB52B0}.Release|Any CPU.ActiveCfg = Release|Any CPU
		{C5FB2311-1CBF-4D51-9C7D-6D3FA8EB52B0}.Release|Any CPU.Build.0 = Release|Any CPU
		{C5FB2311-1CBF-4D51-9C7D-6D3FA8EB52B0}.Release|x64.ActiveCfg = Release|Any CPU
		{C5FB2311-1CBF-4D51-9C7D-6D3FA8EB52B0}.Release|x64.Build.0 = Release|Any CPU
		{C5FB2311-1CBF-4D51-9C7D-6D3FA8EB52B0}.Release|x86.ActiveCfg = Release|Any CPU
		{C5FB2311-1CBF-4D51-9C7D-6D3FA8EB52B0}.Release|x86.Build.0 = Release|Any CPU
		{C660408E-D91C-4429-9B5C-00A6BA48C63D}.Debug|Any CPU.ActiveCfg = Debug|Any CPU
		{C660408E-D91C-4429-9B5C-00A6BA48C63D}.Debug|Any CPU.Build.0 = Debug|Any CPU
		{C660408E-D91C-4429-9B5C-00A6BA48C63D}.Debug|x64.ActiveCfg = Debug|Any CPU
		{C660408E-D91C-4429-9B5C-00A6BA48C63D}.Debug|x64.Build.0 = Debug|Any CPU
		{C660408E-D91C-4429-9B5C-00A6BA48C63D}.Debug|x86.ActiveCfg = Debug|Any CPU
		{C660408E-D91C-4429-9B5C-00A6BA48C63D}.Debug|x86.Build.0 = Debug|Any CPU
		{C660408E-D91C-4429-9B5C-00A6BA48C63D}.Release|Any CPU.ActiveCfg = Release|Any CPU
		{C660408E-D91C-4429-9B5C-00A6BA48C63D}.Release|Any CPU.Build.0 = Release|Any CPU
		{C660408E-D91C-4429-9B5C-00A6BA48C63D}.Release|x64.ActiveCfg = Release|Any CPU
		{C660408E-D91C-4429-9B5C-00A6BA48C63D}.Release|x64.Build.0 = Release|Any CPU
		{C660408E-D91C-4429-9B5C-00A6BA48C63D}.Release|x86.ActiveCfg = Release|Any CPU
		{C660408E-D91C-4429-9B5C-00A6BA48C63D}.Release|x86.Build.0 = Release|Any CPU
	EndGlobalSection
	GlobalSection(SolutionProperties) = preSolution
		HideSolutionNode = FALSE
	EndGlobalSection
	GlobalSection(ExtensibilityGlobals) = postSolution
		SolutionGuid = {8B6CDE91-9AD7-401F-8CF2-DF2FC095D8EF}
	EndGlobalSection
EndGlobal
